
Microsoft Visual Studio Solution File, Format Version 12.00
# Visual Studio Version 17
VisualStudioVersion = 17.10.35013.160
MinimumVisualStudioVersion = 10.0.40219.1
Project("{9A19103F-16F7-4668-BE54-9A1E7A4F7556}") = "ServerManagement", "ServerManagement\ServerManagement.csproj", "{E9B1EF99-2339-4EE7-B082-63A1A75C726F}"
EndProject
Project("{9A19103F-16F7-4668-BE54-9A1E7A4F7556}") = "ToDoListProject", "BlazorCourseProject1_ToDoList\ToDoListProject.csproj", "{07801939-011D-42A0-A2F2-C7A109889806}"
EndProject
Global
	GlobalSection(SolutionConfigurationPlatforms) = preSolution
		Debug|Any CPU = Debug|Any CPU
		Release|Any CPU = Release|Any CPU
	EndGlobalSection
	GlobalSection(ProjectConfigurationPlatforms) = postSolution
		{E9B1EF99-2339-4EE7-B082-63A1A75C726F}.Debug|Any CPU.ActiveCfg = Debug|Any CPU
		{E9B1EF99-2339-4EE7-B082-63A1A75C726F}.Debug|Any CPU.Build.0 = Debug|Any CPU
		{E9B1EF99-2339-4EE7-B082-63A1A75C726F}.Release|Any CPU.ActiveCfg = Release|Any CPU
		{E9B1EF99-2339-4EE7-B082-63A1A75C726F}.Release|Any CPU.Build.0 = Release|Any CPU
		{07801939-011D-42A0-A2F2-C7A109889806}.Debug|Any CPU.ActiveCfg = Debug|Any CPU
		{07801939-011D-42A0-A2F2-C7A109889806}.Debug|Any CPU.Build.0 = Debug|Any CPU
		{07801939-011D-42A0-A2F2-C7A109889806}.Release|Any CPU.ActiveCfg = Release|Any CPU
		{07801939-011D-42A0-A2F2-C7A109889806}.Release|Any CPU.Build.0 = Release|Any CPU
	EndGlobalSection
	GlobalSection(SolutionProperties) = preSolution
		HideSolutionNode = FALSE
	EndGlobalSection
	GlobalSection(ExtensibilityGlobals) = postSolution
		SolutionGuid = {E38F26D7-1833-4A6D-A73C-8D6A542F9833}
	EndGlobalSection
EndGlobal
