
Microsoft Visual Studio Solution File, Format Version 12.00
# Visual Studio Version 17
VisualStudioVersion = 17.10.35013.160
MinimumVisualStudioVersion = 10.0.40219.1
Project("{FAE04EC0-301F-11D3-BF4B-00C04F79EFBC}") = "Security.BlazorServerInteractivityPerPage", "Security.BlazorServerInteractivityPerPage\Security.BlazorServerInteractivityPerPage.csproj", "{AB2E99E4-D66E-4564-BB35-0A6B66825856}"
EndProject
Global
	GlobalSection(SolutionConfigurationPlatforms) = preSolution
		Debug|Any CPU = Debug|Any CPU
		Release|Any CPU = Release|Any CPU
	EndGlobalSection
	GlobalSection(ProjectConfigurationPlatforms) = postSolution
		{AB2E99E4-D66E-4564-BB35-0A6B66825856}.Debug|Any CPU.ActiveCfg = Debug|Any CPU
		{AB2E99E4-D66E-4564-BB35-0A6B66825856}.Debug|Any CPU.Build.0 = Debug|Any CPU
		{AB2E99E4-D66E-4564-BB35-0A6B66825856}.Release|Any CPU.ActiveCfg = Release|Any CPU
		{AB2E99E4-D66E-4564-BB35-0A6B66825856}.Release|Any CPU.Build.0 = Release|Any CPU
	EndGlobalSection
	GlobalSection(SolutionProperties) = preSolution
		HideSolutionNode = FALSE
	EndGlobalSection
	GlobalSection(ExtensibilityGlobals) = postSolution
		SolutionGuid = {F0EC23E2-F0F4-4D98-985B-83FC5E6345DB}
	EndGlobalSection
EndGlobal
