
Microsoft Visual Studio Solution File, Format Version 12.00
# Visual Studio Version 17
VisualStudioVersion = 17.10.35013.160
MinimumVisualStudioVersion = 10.0.40219.1
Project("{FAE04EC0-301F-11D3-BF4B-00C04F79EFBC}") = "Security.BlazorWASMInteractivityGlobal", "Security.BlazorWASMInteractivityGlobal\Security.BlazorWASMInteractivityGlobal\Security.BlazorWASMInteractivityGlobal.csproj", "{BD73E5AF-0CCC-45A1-AFA9-7D226E9BD6C1}"
EndProject
Project("{FAE04EC0-301F-11D3-BF4B-00C04F79EFBC}") = "Security.BlazorWASMInteractivityGlobal.Client", "Security.BlazorWASMInteractivityGlobal\Security.BlazorWASMInteractivityGlobal.Client\Security.BlazorWASMInteractivityGlobal.Client.csproj", "{20F3CBFE-8F03-4487-A95B-9C342BB30379}"
EndProject
Global
	GlobalSection(SolutionConfigurationPlatforms) = preSolution
		Debug|Any CPU = Debug|Any CPU
		Release|Any CPU = Release|Any CPU
	EndGlobalSection
	GlobalSection(ProjectConfigurationPlatforms) = postSolution
		{BD73E5AF-0CCC-45A1-AFA9-7D226E9BD6C1}.Debug|Any CPU.ActiveCfg = Debug|Any CPU
		{BD73E5AF-0CCC-45A1-AFA9-7D226E9BD6C1}.Debug|Any CPU.Build.0 = Debug|Any CPU
		{BD73E5AF-0CCC-45A1-AFA9-7D226E9BD6C1}.Release|Any CPU.ActiveCfg = Release|Any CPU
		{BD73E5AF-0CCC-45A1-AFA9-7D226E9BD6C1}.Release|Any CPU.Build.0 = Release|Any CPU
		{20F3CBFE-8F03-4487-A95B-9C342BB30379}.Debug|Any CPU.ActiveCfg = Debug|Any CPU
		{20F3CBFE-8F03-4487-A95B-9C342BB30379}.Debug|Any CPU.Build.0 = Debug|Any CPU
		{20F3CBFE-8F03-4487-A95B-9C342BB30379}.Release|Any CPU.ActiveCfg = Release|Any CPU
		{20F3CBFE-8F03-4487-A95B-9C342BB30379}.Release|Any CPU.Build.0 = Release|Any CPU
	EndGlobalSection
	GlobalSection(SolutionProperties) = preSolution
		HideSolutionNode = FALSE
	EndGlobalSection
	GlobalSection(ExtensibilityGlobals) = postSolution
		SolutionGuid = {5D4C1610-F2FC-4F8F-81E9-6CC1BF57629E}
	EndGlobalSection
EndGlobal
